
Microsoft Visual Studio Solution File, Format Version 12.00
# Visual Studio Version 16
VisualStudioVersion = 16.0.31019.35
MinimumVisualStudioVersion = 10.0.40219.1
Project("{FAE04EC0-301F-11D3-BF4B-00C04F79EFBC}") = "PslibTheses", "PslibTheses\PslibTheses.csproj", "{8429F1BB-D5B7-4187-AF1F-0376450FAD6F}"
EndProject
Global
	GlobalSection(SolutionConfigurationPlatforms) = preSolution
		Debug|Any CPU = Debug|Any CPU
		Release|Any CPU = Release|Any CPU
	EndGlobalSection
	GlobalSection(ProjectConfigurationPlatforms) = postSolution
		{8429F1BB-D5B7-4187-AF1F-0376450FAD6F}.Debug|Any CPU.ActiveCfg = Debug|Any CPU
		{8429F1BB-D5B7-4187-AF1F-0376450FAD6F}.Debug|Any CPU.Build.0 = Debug|Any CPU
		{8429F1BB-D5B7-4187-AF1F-0376450FAD6F}.Release|Any CPU.ActiveCfg = Release|Any CPU
		{8429F1BB-D5B7-4187-AF1F-0376450FAD6F}.Release|Any CPU.Build.0 = Release|Any CPU
	EndGlobalSection
	GlobalSection(SolutionProperties) = preSolution
		HideSolutionNode = FALSE
	EndGlobalSection
	GlobalSection(ExtensibilityGlobals) = postSolution
		SolutionGuid = {E9C6BF96-7C7F-4A0E-ABC6-12594E2B0F63}
	EndGlobalSection
EndGlobal
